
Microsoft Visual Studio Solution File, Format Version 12.00
# Visual Studio Version 16
VisualStudioVersion = 16.0.30709.132
MinimumVisualStudioVersion = 10.0.40219.1
Project("{FAE04EC0-301F-11D3-BF4B-00C04F79EFBC}") = "Bank Ilmu", "Bank Ilmu\Bank Ilmu.csproj", "{C9037B20-533E-4DB2-A147-4F1E167FD9F0}"
EndProject
Global
	GlobalSection(SolutionConfigurationPlatforms) = preSolution
		Debug|Any CPU = Debug|Any CPU
		Release|Any CPU = Release|Any CPU
	EndGlobalSection
	GlobalSection(ProjectConfigurationPlatforms) = postSolution
		{C9037B20-533E-4DB2-A147-4F1E167FD9F0}.Debug|Any CPU.ActiveCfg = Debug|Any CPU
		{C9037B20-533E-4DB2-A147-4F1E167FD9F0}.Debug|Any CPU.Build.0 = Debug|Any CPU
		{C9037B20-533E-4DB2-A147-4F1E167FD9F0}.Release|Any CPU.ActiveCfg = Release|Any CPU
		{C9037B20-533E-4DB2-A147-4F1E167FD9F0}.Release|Any CPU.Build.0 = Release|Any CPU
	EndGlobalSection
	GlobalSection(SolutionProperties) = preSolution
		HideSolutionNode = FALSE
	EndGlobalSection
	GlobalSection(ExtensibilityGlobals) = postSolution
		SolutionGuid = {B6896411-C0E2-4E30-B7F9-86811352277F}
	EndGlobalSection
EndGlobal
